
Microsoft Visual Studio Solution File, Format Version 12.00
Project("{FAE04EC0-301F-11D3-BF4B-00C04F79EFBC}") = "DuckDnsUpdater", "DuckDnsUpdater.csproj", "{3E45E87F-A264-4A64-8124-FD37C192336B}"
EndProject
Global
	GlobalSection(SolutionConfigurationPlatforms) = preSolution
		Debug|Any CPU = Debug|Any CPU
		Release|Any CPU = Release|Any CPU
	EndGlobalSection
	GlobalSection(ProjectConfigurationPlatforms) = postSolution
		{3E45E87F-A264-4A64-8124-FD37C192336B}.Debug|Any CPU.ActiveCfg = Debug|Any CPU
		{3E45E87F-A264-4A64-8124-FD37C192336B}.Debug|Any CPU.Build.0 = Debug|Any CPU
		{3E45E87F-A264-4A64-8124-FD37C192336B}.Release|Any CPU.ActiveCfg = Release|Any CPU
		{3E45E87F-A264-4A64-8124-FD37C192336B}.Release|Any CPU.Build.0 = Release|Any CPU
	EndGlobalSection
EndGlobal
